
Microsoft Visual Studio Solution File, Format Version 12.00
# Visual Studio Version 16
VisualStudioVersion = 16.0.31402.337
MinimumVisualStudioVersion = 10.0.40219.1
Project("{9A19103F-16F7-4668-BE54-9A1E7A4F7556}") = "GradingSystem", "GradingSystem\GradingSystem.csproj", "{5DA571EF-FD82-49CF-A41A-4610E8EC204C}"
EndProject
Project("{9A19103F-16F7-4668-BE54-9A1E7A4F7556}") = "example1", "..\example1\example1\example1.csproj", "{F2A55CD0-F7A0-44B2-80DC-B7AC29C0BF36}"
EndProject
Global
	GlobalSection(SolutionConfigurationPlatforms) = preSolution
		Debug|Any CPU = Debug|Any CPU
		Release|Any CPU = Release|Any CPU
	EndGlobalSection
	GlobalSection(ProjectConfigurationPlatforms) = postSolution
		{5DA571EF-FD82-49CF-A41A-4610E8EC204C}.Debug|Any CPU.ActiveCfg = Debug|Any CPU
		{5DA571EF-FD82-49CF-A41A-4610E8EC204C}.Debug|Any CPU.Build.0 = Debug|Any CPU
		{5DA571EF-FD82-49CF-A41A-4610E8EC204C}.Release|Any CPU.ActiveCfg = Release|Any CPU
		{5DA571EF-FD82-49CF-A41A-4610E8EC204C}.Release|Any CPU.Build.0 = Release|Any CPU
		{F2A55CD0-F7A0-44B2-80DC-B7AC29C0BF36}.Debug|Any CPU.ActiveCfg = Debug|Any CPU
		{F2A55CD0-F7A0-44B2-80DC-B7AC29C0BF36}.Debug|Any CPU.Build.0 = Debug|Any CPU
		{F2A55CD0-F7A0-44B2-80DC-B7AC29C0BF36}.Release|Any CPU.ActiveCfg = Release|Any CPU
		{F2A55CD0-F7A0-44B2-80DC-B7AC29C0BF36}.Release|Any CPU.Build.0 = Release|Any CPU
	EndGlobalSection
	GlobalSection(SolutionProperties) = preSolution
		HideSolutionNode = FALSE
	EndGlobalSection
	GlobalSection(ExtensibilityGlobals) = postSolution
		SolutionGuid = {4685BB99-8E4B-4BA3-ACE1-7B1702CBB9B1}
	EndGlobalSection
EndGlobal
